
Microsoft Visual Studio Solution File, Format Version 12.00
# Visual Studio 15
VisualStudioVersion = 15.0.28010.2026
MinimumVisualStudioVersion = 10.0.40219.1
Project("{FAE04EC0-301F-11D3-BF4B-00C04F79EFBC}") = "SqlCConnection_ASP_Net_Core", "SqlCConnection_ASP_Net_Core\SqlCConnection_ASP_Net_Core.csproj", "{08DACAA5-BB95-45C9-B9AE-DC39A3F64012}"
EndProject
Global
	GlobalSection(SolutionConfigurationPlatforms) = preSolution
		Debug|Any CPU = Debug|Any CPU
		Release|Any CPU = Release|Any CPU
	EndGlobalSection
	GlobalSection(ProjectConfigurationPlatforms) = postSolution
		{08DACAA5-BB95-45C9-B9AE-DC39A3F64012}.Debug|Any CPU.ActiveCfg = Debug|Any CPU
		{08DACAA5-BB95-45C9-B9AE-DC39A3F64012}.Debug|Any CPU.Build.0 = Debug|Any CPU
		{08DACAA5-BB95-45C9-B9AE-DC39A3F64012}.Release|Any CPU.ActiveCfg = Release|Any CPU
		{08DACAA5-BB95-45C9-B9AE-DC39A3F64012}.Release|Any CPU.Build.0 = Release|Any CPU
	EndGlobalSection
	GlobalSection(SolutionProperties) = preSolution
		HideSolutionNode = FALSE
	EndGlobalSection
	GlobalSection(ExtensibilityGlobals) = postSolution
		SolutionGuid = {715EE647-B353-4A18-AFC7-5DF9FB2E2607}
	EndGlobalSection
EndGlobal
